<?xml version="1.0" encoding="utf-8"?>
<Project ToolsVersion="4.0" xmlns="http://schemas.microsoft.com/developer/msbuild/2003">
  <ItemGroup>
    <Filter Include="Timer">
      <UniqueIdentifier>{2122dd5f-bab5-46ac-a803-4b4186dcc766}</UniqueIdentifier>
    </Filter>
    <Filter Include="Patterns">
      <UniqueIdentifier>{c8ee07b2-de73-45e4-8ace-53b874656426}</UniqueIdentifier>
    </Filter>
    <Filter Include="Patterns\Singleton">
      <UniqueIdentifier>{53f35aa5-1cef-49bb-b4f8-e8f2c1ad43dd}</UniqueIdentifier>
    </Filter>
    <Filter Include="GUID">
      <UniqueIdentifier>{b3b30719-2737-4220-a208-c23531ec10ee}</UniqueIdentifier>
    </Filter>
  </ItemGroup>
  <ItemGroup>
    <ClInclude Include="Singleton.h">
      <Filter>Patterns\Singleton</Filter>
    </ClInclude>
    <ClInclude Include="Timer.h">
      <Filter>Timer</Filter>
    </ClInclude>
    <ClInclude Include="GUID.h">
      <Filter>GUID</Filter>
    </ClInclude>
    <ClInclude Include="GUIDREF.h">
      <Filter>GUID</Filter>
    </ClInclude>
  </ItemGroup>
  <ItemGroup>
    <ClCompile Include="Timer.cpp">
      <Filter>Timer</Filter>
    </ClCompile>
    <ClCompile Include="GUID.cpp">
      <Filter>GUID</Filter>
    </ClCompile>
  </ItemGroup>
</Project>