<?xml version="1.0" encoding="utf-8"?>
<Project ToolsVersion="4.0" xmlns="http://schemas.microsoft.com/developer/msbuild/2003">
  <ItemGroup>
    <ClInclude Include="DirectXRenderer.h">
      <Filter>Renderer\DirectX</Filter>
    </ClInclude>
    <ClInclude Include="Renderer.h">
      <Filter>Renderer</Filter>
    </ClInclude>
    <ClInclude Include="SpikeRenderer.h" />
    <ClInclude Include="Brush.h">
      <Filter>Renderer\DirectX\Resources</Filter>
    </ClInclude>
  </ItemGroup>
  <ItemGroup>
    <Filter Include="Renderer">
      <UniqueIdentifier>{60cbea66-3b21-4520-a04c-2364b2dc5cbf}</UniqueIdentifier>
    </Filter>
    <Filter Include="Renderer\DirectX">
      <UniqueIdentifier>{c3622e3d-9445-4760-9fec-e9d7af916c99}</UniqueIdentifier>
    </Filter>
    <Filter Include="Renderer\DirectX\Resources">
      <UniqueIdentifier>{e946d931-6518-4384-91cc-699bf0ee382c}</UniqueIdentifier>
    </Filter>
  </ItemGroup>
  <ItemGroup>
    <ClCompile Include="DirectXRenderer.cpp">
      <Filter>Renderer\DirectX</Filter>
    </ClCompile>
  </ItemGroup>
</Project>