<?xml version="1.0" encoding="utf-8"?>
<Project ToolsVersion="4.0" xmlns="http://schemas.microsoft.com/developer/msbuild/2003">
  <ItemGroup>
    <ClInclude Include="SpikeConfig.h" />
    <ClInclude Include="Exceptions.h">
      <Filter>Exceptions</Filter>
    </ClInclude>
    <ClInclude Include="Config.h">
      <Filter>Config</Filter>
    </ClInclude>
    <ClInclude Include="Window.h">
      <Filter>Config\Window</Filter>
    </ClInclude>
  </ItemGroup>
  <ItemGroup>
    <ClCompile Include="Config.cpp">
      <Filter>Config</Filter>
    </ClCompile>
    <ClCompile Include="Window.cpp">
      <Filter>Config\Window</Filter>
    </ClCompile>
  </ItemGroup>
  <ItemGroup>
    <Filter Include="Exceptions">
      <UniqueIdentifier>{210836f6-2ff9-4359-a54f-db633c1a99de}</UniqueIdentifier>
    </Filter>
    <Filter Include="Config">
      <UniqueIdentifier>{ef72914e-f0c8-45b5-86c9-6210ac373cd2}</UniqueIdentifier>
    </Filter>
    <Filter Include="Config\Window">
      <UniqueIdentifier>{58878b47-8604-4a11-8619-d3cf3e84e75b}</UniqueIdentifier>
    </Filter>
  </ItemGroup>
</Project>